
Microsoft Visual Studio Solution File, Format Version 12.00
# Visual Studio Version 17
VisualStudioVersion = 17.4.33213.308
MinimumVisualStudioVersion = 10.0.40219.1
Project("{9A19103F-16F7-4668-BE54-9A1E7A4F7556}") = "PizzaStoreWebApi", "PizzaStoreWebApi.csproj", "{3A03DAC9-F033-4764-A3C1-AC6AA96E72E8}"
EndProject
Project("{FAE04EC0-301F-11D3-BF4B-00C04F79EFBC}") = "PizzaStoreWebApp", "..\PizzaStoreWebApp\PizzaStoreWebApp.csproj", "{06EC6D41-169A-4BAE-8260-154B8BFC24C4}"
EndProject
Global
	GlobalSection(SolutionConfigurationPlatforms) = preSolution
		Debug|Any CPU = Debug|Any CPU
		Release|Any CPU = Release|Any CPU
	EndGlobalSection
	GlobalSection(ProjectConfigurationPlatforms) = postSolution
		{3A03DAC9-F033-4764-A3C1-AC6AA96E72E8}.Debug|Any CPU.ActiveCfg = Debug|Any CPU
		{3A03DAC9-F033-4764-A3C1-AC6AA96E72E8}.Debug|Any CPU.Build.0 = Debug|Any CPU
		{3A03DAC9-F033-4764-A3C1-AC6AA96E72E8}.Release|Any CPU.ActiveCfg = Release|Any CPU
		{3A03DAC9-F033-4764-A3C1-AC6AA96E72E8}.Release|Any CPU.Build.0 = Release|Any CPU
		{06EC6D41-169A-4BAE-8260-154B8BFC24C4}.Debug|Any CPU.ActiveCfg = Debug|Any CPU
		{06EC6D41-169A-4BAE-8260-154B8BFC24C4}.Debug|Any CPU.Build.0 = Debug|Any CPU
		{06EC6D41-169A-4BAE-8260-154B8BFC24C4}.Release|Any CPU.ActiveCfg = Release|Any CPU
		{06EC6D41-169A-4BAE-8260-154B8BFC24C4}.Release|Any CPU.Build.0 = Release|Any CPU
	EndGlobalSection
	GlobalSection(SolutionProperties) = preSolution
		HideSolutionNode = FALSE
	EndGlobalSection
	GlobalSection(ExtensibilityGlobals) = postSolution
		SolutionGuid = {7C3A7A63-9D53-436B-8D5D-51DD5B86D8DE}
	EndGlobalSection
EndGlobal
